<?xml version="1.0" encoding="utf-8"?>
<Project ToolsVersion="4.0" xmlns="http://schemas.microsoft.com/developer/msbuild/2003">
  <ItemGroup>
    <Filter Include="source">
      <UniqueIdentifier>{6a99c78b-9d6c-461a-9751-cdf849059ff6}</UniqueIdentifier>
    </Filter>
    <Filter Include="headers">
      <UniqueIdentifier>{2b858ece-6bd4-4e4e-8e2d-0cd0408e47c9}</UniqueIdentifier>
    </Filter>
    <Filter Include="headers\Interface">
      <UniqueIdentifier>{cb6bb29f-2694-419f-b25a-aaad2a6fbcbb}</UniqueIdentifier>
    </Filter>
  </ItemGroup>
  <ItemGroup>
    <ClInclude Include="CUDASystemInformation.h">
      <Filter>headers</Filter>
    </ClInclude>
    <ClInclude Include="CUDAUtils.h">
      <Filter>headers</Filter>
    </ClInclude>
    <ClInclude Include="CUDALaplacePropagation.h">
      <Filter>headers</Filter>
    </ClInclude>
    <ClInclude Include="Entity.h">
      <Filter>headers</Filter>
    </ClInclude>
    <ClInclude Include="IWindow.h">
      <Filter>headers\Interface</Filter>
    </ClInclude>
    <ClInclude Include="Window.h">
      <Filter>headers</Filter>
    </ClInclude>
    <ClInclude Include="Config.h">
      <Filter>headers\Interface</Filter>
    </ClInclude>
    <ClInclude Include="Engine.h">
      <Filter>headers</Filter>
    </ClInclude>
    <ClInclude Include="GUI.h">
      <Filter>headers</Filter>
    </ClInclude>
  </ItemGroup>
  <ItemGroup>
    <ClCompile Include="CUDASystemInformation.cpp">
      <Filter>source</Filter>
    </ClCompile>
    <ClCompile Include="main.cpp">
      <Filter>source</Filter>
    </ClCompile>
    <ClCompile Include="Entity.cpp">
      <Filter>source</Filter>
    </ClCompile>
    <ClCompile Include="Engine.cpp">
      <Filter>source</Filter>
    </ClCompile>
    <ClCompile Include="Window.cpp">
      <Filter>source</Filter>
    </ClCompile>
    <ClCompile Include="GUI.cpp">
      <Filter>source</Filter>
    </ClCompile>
  </ItemGroup>
  <ItemGroup>
    <CudaCompile Include="CUDALaplacePropagation.cu">
      <Filter>source</Filter>
    </CudaCompile>
  </ItemGroup>
</Project>