<?xml version="1.0" encoding="utf-8"?>
<Project ToolsVersion="4.0" xmlns="http://schemas.microsoft.com/developer/msbuild/2003">
  <ItemGroup>
    <Filter Include="source">
      <UniqueIdentifier>{6a99c78b-9d6c-461a-9751-cdf849059ff6}</UniqueIdentifier>
    </Filter>
    <Filter Include="headers">
      <UniqueIdentifier>{2b858ece-6bd4-4e4e-8e2d-0cd0408e47c9}</UniqueIdentifier>
    </Filter>
    <Filter Include="headers\Interface">
      <UniqueIdentifier>{cb6bb29f-2694-419f-b25a-aaad2a6fbcbb}</UniqueIdentifier>
    </Filter>
    <Filter Include="headers\Core">
      <UniqueIdentifier>{61f88bda-f79e-49b3-bc0a-e627c239758e}</UniqueIdentifier>
    </Filter>
    <Filter Include="headers\CUDA Calculations">
      <UniqueIdentifier>{eabd1547-a552-422b-a5d9-a8beb6e7223b}</UniqueIdentifier>
    </Filter>
  </ItemGroup>
  <ItemGroup>
    <ClInclude Include="IWindow.h">
      <Filter>headers\Interface</Filter>
    </ClInclude>
    <ClInclude Include="Config.h">
      <Filter>headers\Interface</Filter>
    </ClInclude>
    <ClInclude Include="IGUI.h">
      <Filter>headers\Interface</Filter>
    </ClInclude>
    <ClInclude Include="IEventHandler.h">
      <Filter>headers\Interface</Filter>
    </ClInclude>
    <ClInclude Include="CUDASystemInformation.h">
      <Filter>headers\CUDA Calculations</Filter>
    </ClInclude>
    <ClInclude Include="CUDAUtils.h">
      <Filter>headers\CUDA Calculations</Filter>
    </ClInclude>
    <ClInclude Include="GUI.h">
      <Filter>headers\Core</Filter>
    </ClInclude>
    <ClInclude Include="Engine.h">
      <Filter>headers\Core</Filter>
    </ClInclude>
    <ClInclude Include="Entity.h">
      <Filter>headers\Core</Filter>
    </ClInclude>
    <ClInclude Include="Window.h">
      <Filter>headers\Core</Filter>
    </ClInclude>
    <ClInclude Include="EventHandler.h">
      <Filter>headers\Core</Filter>
    </ClInclude>
    <ClInclude Include="IEntityManager.h">
      <Filter>headers\Interface</Filter>
    </ClInclude>
    <ClInclude Include="EntityManager.h">
      <Filter>headers\Core</Filter>
    </ClInclude>
    <ClInclude Include="ILevelManager.h">
      <Filter>headers\Interface</Filter>
    </ClInclude>
    <ClInclude Include="LevelManager.h">
      <Filter>headers\Core</Filter>
    </ClInclude>
    <ClInclude Include="Color.h">
      <Filter>headers\Core</Filter>
    </ClInclude>
    <ClInclude Include="CUDAPropagation.h">
      <Filter>headers\CUDA Calculations</Filter>
    </ClInclude>
  </ItemGroup>
  <ItemGroup>
    <ClCompile Include="CUDASystemInformation.cpp">
      <Filter>source</Filter>
    </ClCompile>
    <ClCompile Include="main.cpp">
      <Filter>source</Filter>
    </ClCompile>
    <ClCompile Include="Entity.cpp">
      <Filter>source</Filter>
    </ClCompile>
    <ClCompile Include="Window.cpp">
      <Filter>source</Filter>
    </ClCompile>
    <ClCompile Include="GUI.cpp">
      <Filter>source</Filter>
    </ClCompile>
    <ClCompile Include="EventHandler.cpp">
      <Filter>source</Filter>
    </ClCompile>
    <ClCompile Include="EntityManager.cpp">
      <Filter>source</Filter>
    </ClCompile>
    <ClCompile Include="LevelManager.cpp">
      <Filter>source</Filter>
    </ClCompile>
    <ClCompile Include="Engine.cu">
      <Filter>source</Filter>
    </ClCompile>
  </ItemGroup>
  <ItemGroup>
    <CudaCompile Include="CUDAPropagation.cu">
      <Filter>source</Filter>
    </CudaCompile>
  </ItemGroup>
</Project>